// !$*UTF8*$!
{
	archiveVersion = 1;
	classes = {
	};
	objectVersion = 46;
	objects = {

/* Begin PBXBuildFile section */
		4D8CDC751E9BFB0400A2475B /* AppDelegate.swift in Sources */ = {isa = PBXBuildFile; fileRef = 4D8CDC741E9BFB0400A2475B /* AppDelegate.swift */; };
		4D8CDC771E9BFB0400A2475B /* TasksViewController.swift in Sources */ = {isa = PBXBuildFile; fileRef = 4D8CDC761E9BFB0400A2475B /* TasksViewController.swift */; };
		4D8CDC7A1E9BFB0400A2475B /* Main.storyboard in Resources */ = {isa = PBXBuildFile; fileRef = 4D8CDC781E9BFB0400A2475B /* Main.storyboard */; };
		4D8CDC7D1E9BFB0400A2475B /* DoIt.xcdatamodeld in Sources */ = {isa = PBXBuildFile; fileRef = 4D8CDC7B1E9BFB0400A2475B /* DoIt.xcdatamodeld */; };
		4D8CDC7F1E9BFB0400A2475B /* Assets.xcassets in Resources */ = {isa = PBXBuildFile; fileRef = 4D8CDC7E1E9BFB0400A2475B /* Assets.xcassets */; };
		4D8CDC821E9BFB0400A2475B /* LaunchScreen.storyboard in Resources */ = {isa = PBXBuildFile; fileRef = 4D8CDC801E9BFB0400A2475B /* LaunchScreen.storyboard */; };
		4DBFCDFB1E9F7B6900E3678D /* ViewTaskViewController.swift in Sources */ = {isa = PBXBuildFile; fileRef = 4DBFCDFA1E9F7B6900E3678D /* ViewTaskViewController.swift */; };
		4DCA4BDA1E9CC005004ABF1F /* NewTaskViewController.swift in Sources */ = {isa = PBXBuildFile; fileRef = 4DCA4BD91E9CC005004ABF1F /* NewTaskViewController.swift */; };
/* End PBXBuildFile section */

/* Begin PBXFileReference section */
		4D8CDC711E9BFB0400A2475B /* DoIt.app */ = {isa = PBXFileReference; explicitFileType = wrapper.application; includeInIndex = 0; path = DoIt.app; sourceTree = BUILT_PRODUCTS_DIR; };
		4D8CDC741E9BFB0400A2475B /* AppDelegate.swift */ = {isa = PBXFileReference; lastKnownFileType = sourcecode.swift; path = AppDelegate.swift; sourceTree = "<group>"; };
		4D8CDC761E9BFB0400A2475B /* TasksViewController.swift */ = {isa = PBXFileReference; lastKnownFileType = sourcecode.swift; path = TasksViewController.swift; sourceTree = "<group>"; };
		4D8CDC791E9BFB0400A2475B /* Base */ = {isa = PBXFileReference; lastKnownFileType = file.storyboard; name = Base; path = Base.lproj/Main.storyboard; sourceTree = "<group>"; };
		4D8CDC7C1E9BFB0400A2475B /* DoIt.xcdatamodel */ = {isa = PBXFileReference; lastKnownFileType = wrapper.xcdatamodel; path = DoIt.xcdatamodel; sourceTree = "<group>"; };
		4D8CDC7E1E9BFB0400A2475B /* Assets.xcassets */ = {isa = PBXFileReference; lastKnownFileType = folder.assetcatalog; path = Assets.xcassets; sourceTree = "<group>"; };
		4D8CDC811E9BFB0400A2475B /* Base */ = {isa = PBXFileReference; lastKnownFileType = file.storyboard; name = Base; path = Base.lproj/LaunchScreen.storyboard; sourceTree = "<group>"; };
		4D8CDC831E9BFB0400A2475B /* Info.plist */ = {isa = PBXFileReference; lastKnownFileType = text.plist.xml; path = Info.plist; sourceTree = "<group>"; };
		4DBFCDFA1E9F7B6900E3678D /* ViewTaskViewController.swift */ = {isa = PBXFileReference; fileEncoding = 4; lastKnownFileType = sourcecode.swift; path = ViewTaskViewController.swift; sourceTree = "<group>"; };
		4DCA4BD91E9CC005004ABF1F /* NewTaskViewController.swift */ = {isa = PBXFileReference; fileEncoding = 4; lastKnownFileType = sourcecode.swift; path = NewTaskViewController.swift; sourceTree = "<group>"; };
/* End PBXFileReference section */

/* Begin PBXFrameworksBuildPhase section */
		4D8CDC6E1E9BFB0400A2475B /* Frameworks */ = {
			isa = PBXFrameworksBuildPhase;
			buildActionMask = 2147483647;
			files = (
			);
			runOnlyForDeploymentPostprocessing = 0;
		};
/* End PBXFrameworksBuildPhase section */

/* Begin PBXGroup section */
		4D8CDC681E9BFB0400A2475B = {
			isa = PBXGroup;
			children = (
				4D8CDC731E9BFB0400A2475B /* DoIt */,
				4D8CDC721E9BFB0400A2475B /* Products */,
			);
			sourceTree = "<group>";
		};
		4D8CDC721E9BFB0400A2475B /* Products */ = {
			isa = PBXGroup;
			children = (
				4D8CDC711E9BFB0400A2475B /* DoIt.app */,
			);
			name = Products;
			sourceTree = "<group>";
		};
		4D8CDC731E9BFB0400A2475B /* DoIt */ = {
			isa = PBXGroup;
			children = (
				4D8CDC741E9BFB0400A2475B /* AppDelegate.swift */,
				4D8CDC761E9BFB0400A2475B /* TasksViewController.swift */,
				4DCA4BD91E9CC005004ABF1F /* NewTaskViewController.swift */,
				4DBFCDFA1E9F7B6900E3678D /* ViewTaskViewController.swift */,
				4D8CDC781E9BFB0400A2475B /* Main.storyboard */,
				4D8CDC7E1E9BFB0400A2475B /* Assets.xcassets */,
				4D8CDC801E9BFB0400A2475B /* LaunchScreen.storyboard */,
				4D8CDC831E9BFB0400A2475B /* Info.plist */,
				4D8CDC7B1E9BFB0400A2475B /* DoIt.xcdatamodeld */,
			);
			path = DoIt;
			sourceTree = "<group>";
		};
/* End PBXGroup section */

/* Begin PBXNativeTarget section */
		4D8CDC701E9BFB0400A2475B /* DoIt */ = {
			isa = PBXNativeTarget;
			buildConfigurationList = 4D8CDC861E9BFB0400A2475B /* Build configuration list for PBXNativeTarget "DoIt" */;
			buildPhases = (
				4D8CDC6D1E9BFB0400A2475B /* Sources */,
				4D8CDC6E1E9BFB0400A2475B /* Frameworks */,
				4D8CDC6F1E9BFB0400A2475B /* Resources */,
			);
			buildRules = (
			);
			dependencies = (
			);
			name = DoIt;
			productName = DoIt;
			productReference = 4D8CDC711E9BFB0400A2475B /* DoIt.app */;
			productType = "com.apple.product-type.application";
		};
/* End PBXNativeTarget section */

/* Begin PBXProject section */
		4D8CDC691E9BFB0400A2475B /* Project object */ = {
			isa = PBXProject;
			attributes = {
				LastSwiftUpdateCheck = 0830;
				LastUpgradeCheck = 0830;
				ORGANIZATIONNAME = "The Light Machine";
				TargetAttributes = {
					4D8CDC701E9BFB0400A2475B = {
						CreatedOnToolsVersion = 8.3.1;
						DevelopmentTeam = 752LL7F59T;
						ProvisioningStyle = Automatic;
					};
				};
			};
			buildConfigurationList = 4D8CDC6C1E9BFB0400A2475B /* Build configuration list for PBXProject "DoIt" */;
			compatibilityVersion = "Xcode 3.2";
			developmentRegion = English;
			hasScannedForEncodings = 0;
			knownRegions = (
				en,
				Base,
			);
			mainGroup = 4D8CDC681E9BFB0400A2475B;
			productRefGroup = 4D8CDC721E9BFB0400A2475B /* Products */;
			projectDirPath = "";
			projectRoot = "";
			targets = (
				4D8CDC701E9BFB0400A2475B /* DoIt */,
			);
		};
/* End PBXProject section */

/* Begin PBXResourcesBuildPhase section */
		4D8CDC6F1E9BFB0400A2475B /* Resources */ = {
			isa = PBXResourcesBuildPhase;
			buildActionMask = 2147483647;
			files = (
				4D8CDC821E9BFB0400A2475B /* LaunchScreen.storyboard in Resources */,
				4D8CDC7F1E9BFB0400A2475B /* Assets.xcassets in Resources */,
				4D8CDC7A1E9BFB0400A2475B /* Main.storyboard in Resources */,
			);
			runOnlyForDeploymentPostprocessing = 0;
		};
/* End PBXResourcesBuildPhase section */

/* Begin PBXSourcesBuildPhase section */
		4D8CDC6D1E9BFB0400A2475B /* Sources */ = {
			isa = PBXSourcesBuildPhase;
			buildActionMask = 2147483647;
			files = (
				4DCA4BDA1E9CC005004ABF1F /* NewTaskViewController.swift in Sources */,
				4DBFCDFB1E9F7B6900E3678D /* ViewTaskViewController.swift in Sources */,
				4D8CDC7D1E9BFB0400A2475B /* DoIt.xcdatamodeld in Sources */,
				4D8CDC771E9BFB0400A2475B /* TasksViewController.swift in Sources */,
				4D8CDC751E9BFB0400A2475B /* AppDelegate.swift in Sources */,
			);
			runOnlyForDeploymentPostprocessing = 0;
		};
/* End PBXSourcesBuildPhase section */

/* Begin PBXVariantGroup section */
		4D8CDC781E9BFB0400A2475B /* Main.storyboard */ = {
			isa = PBXVariantGroup;
			children = (
				4D8CDC791E9BFB0400A2475B /* Base */,
			);
			name = Main.storyboard;
			sourceTree = "<group>";
		};
		4D8CDC801E9BFB0400A2475B /* LaunchScreen.storyboard */ = {
			isa = PBXVariantGroup;
			children = (
				4D8CDC811E9BFB0400A2475B /* Base */,
			);
			name = LaunchScreen.storyboard;
			sourceTree = "<group>";
		};
/* End PBXVariantGroup section */

/* Begin XCBuildConfiguration section */
		4D8CDC841E9BFB0400A2475B /* Debug */ = {
			isa = XCBuildConfiguration;
			buildSettings = {
				ALWAYS_SEARCH_USER_PATHS = NO;
				CLANG_ANALYZER_NONNULL = YES;
				CLANG_ANALYZER_NUMBER_OBJECT_CONVERSION = YES_AGGRESSIVE;
				CLANG_CXX_LANGUAGE_STANDARD = "gnu++0x";
				CLANG_CXX_LIBRARY = "libc++";
				CLANG_ENABLE_MODULES = YES;
				CLANG_ENABLE_OBJC_ARC = YES;
				CLANG_WARN_BOOL_CONVERSION = YES;
				CLANG_WARN_CONSTANT_CONVERSION = YES;
				CLANG_WARN_DIRECT_OBJC_ISA_USAGE = YES_ERROR;
				CLANG_WARN_DOCUMENTATION_COMMENTS = YES;
				CLANG_WARN_EMPTY_BODY = YES;
				CLANG_WARN_ENUM_CONVERSION = YES;
				CLANG_WARN_INFINITE_RECURSION = YES;
				CLANG_WARN_INT_CONVERSION = YES;
				CLANG_WARN_OBJC_ROOT_CLASS = YES_ERROR;
				CLANG_WARN_SUSPICIOUS_MOVE = YES;
				CLANG_WARN_UNREACHABLE_CODE = YES;
				CLANG_WARN__DUPLICATE_METHOD_MATCH = YES;
				"CODE_SIGN_IDENTITY[sdk=iphoneos*]" = "iPhone Developer";
				COPY_PHASE_STRIP = NO;
				DEBUG_INFORMATION_FORMAT = dwarf;
				ENABLE_STRICT_OBJC_MSGSEND = YES;
				ENABLE_TESTABILITY = YES;
				GCC_C_LANGUAGE_STANDARD = gnu99;
				GCC_DYNAMIC_NO_PIC = NO;
				GCC_NO_COMMON_BLOCKS = YES;
				GCC_OPTIMIZATION_LEVEL = 0;
				GCC_PREPROCESSOR_DEFINITIONS = (
					"DEBUG=1",
					"$(inherited)",
				);
				GCC_WARN_64_TO_32_BIT_CONVERSION = YES;
				GCC_WARN_ABOUT_RETURN_TYPE = YES_ERROR;
				GCC_WARN_UNDECLARED_SELECTOR = YES;
				GCC_WARN_UNINITIALIZED_AUTOS = YES_AGGRESSIVE;
				GCC_WARN_UNUSED_FUNCTION = YES;
				GCC_WARN_UNUSED_VARIABLE = YES;
				IPHONEOS_DEPLOYMENT_TARGET = 10.3;
				MTL_ENABLE_DEBUG_INFO = YES;
				ONLY_ACTIVE_ARCH = YES;
				SDKROOT = iphoneos;
				SWIFT_ACTIVE_COMPILATION_CONDITIONS = DEBUG;
				SWIFT_OPTIMIZATION_LEVEL = "-Onone";
				TARGETED_DEVICE_FAMILY = "1,2";
			};
			name = Debug;
		};
		4D8CDC851E9BFB0400A2475B /* Release */ = {
			isa = XCBuildConfiguration;
			buildSettings = {
				ALWAYS_SEARCH_USER_PATHS = NO;
				CLANG_ANALYZER_NONNULL = YES;
				CLANG_ANALYZER_NUMBER_OBJECT_CONVERSION = YES_AGGRESSIVE;
				CLANG_CXX_LANGUAGE_STANDARD = "gnu++0x";
				CLANG_CXX_LIBRARY = "libc++";
				CLANG_ENABLE_MODULES = YES;
				CLANG_ENABLE_OBJC_ARC = YES;
				CLANG_WARN_BOOL_CONVERSION = YES;
				CLANG_WARN_CONSTANT_CONVERSION = YES;
				CLANG_WARN_DIRECT_OBJC_ISA_USAGE = YES_ERROR;
				CLANG_WARN_DOCUMENTATION_COMMENTS = YES;
				CLANG_WARN_EMPTY_BODY = YES;
				CLANG_WARN_ENUM_CONVERSION = YES;
				CLANG_WARN_INFINITE_RECURSION = YES;
				CLANG_WARN_INT_CONVERSION = YES;
				CLANG_WARN_OBJC_ROOT_CLASS = YES_ERROR;
				CLANG_WARN_SUSPICIOUS_MOVE = YES;
				CLANG_WARN_UNREACHABLE_CODE = YES;
				CLANG_WARN__DUPLICATE_METHOD_MATCH = YES;
				"CODE_SIGN_IDENTITY[sdk=iphoneos*]" = "iPhone Developer";
				COPY_PHASE_STRIP = NO;
				DEBUG_INFORMATION_FORMAT = "dwarf-with-dsym";
				ENABLE_NS_ASSERTIONS = NO;
				ENABLE_STRICT_OBJC_MSGSEND = YES;
				GCC_C_LANGUAGE_STANDARD = gnu99;
				GCC_NO_COMMON_BLOCKS = YES;
				GCC_WARN_64_TO_32_BIT_CONVERSION = YES;
				GCC_WARN_ABOUT_RETURN_TYPE = YES_ERROR;
				GCC_WARN_UNDECLARED_SELECTOR = YES;
				GCC_WARN_UNINITIALIZED_AUTOS = YES_AGGRESSIVE;
				GCC_WARN_UNUSED_FUNCTION = YES;
				GCC_WARN_UNUSED_VARIABLE = YES;
				IPHONEOS_DEPLOYMENT_TARGET = 10.3;
				MTL_ENABLE_DEBUG_INFO = NO;
				SDKROOT = iphoneos;
				SWIFT_OPTIMIZATION_LEVEL = "-Owholemodule";
				TARGETED_DEVICE_FAMILY = "1,2";
				VALIDATE_PRODUCT = YES;
			};
			name = Release;
		};
		4D8CDC871E9BFB0400A2475B /* Debug */ = {
			isa = XCBuildConfiguration;
			buildSettings = {
				ASSETCATALOG_COMPILER_APPICON_NAME = AppIcon;
				DEVELOPMENT_TEAM = 752LL7F59T;
				INFOPLIST_FILE = DoIt/Info.plist;
				LD_RUNPATH_SEARCH_PATHS = "$(inherited) @executable_path/Frameworks";
				PRODUCT_BUNDLE_IDENTIFIER = uk.co.thelightmachine.DoIt;
				PRODUCT_NAME = "$(TARGET_NAME)";
				SWIFT_VERSION = 3.0;
			};
			name = Debug;
		};
		4D8CDC881E9BFB0400A2475B /* Release */ = {
			isa = XCBuildConfiguration;
			buildSettings = {
				ASSETCATALOG_COMPILER_APPICON_NAME = AppIcon;
				DEVELOPMENT_TEAM = 752LL7F59T;
				INFOPLIST_FILE = DoIt/Info.plist;
				LD_RUNPATH_SEARCH_PATHS = "$(inherited) @executable_path/Frameworks";
				PRODUCT_BUNDLE_IDENTIFIER = uk.co.thelightmachine.DoIt;
				PRODUCT_NAME = "$(TARGET_NAME)";
				SWIFT_VERSION = 3.0;
			};
			name = Release;
		};
/* End XCBuildConfiguration section */

/* Begin XCConfigurationList section */
		4D8CDC6C1E9BFB0400A2475B /* Build configuration list for PBXProject "DoIt" */ = {
			isa = XCConfigurationList;
			buildConfigurations = (
				4D8CDC841E9BFB0400A2475B /* Debug */,
				4D8CDC851E9BFB0400A2475B /* Release */,
			);
			defaultConfigurationIsVisible = 0;
			defaultConfigurationName = Release;
		};
		4D8CDC861E9BFB0400A2475B /* Build configuration list for PBXNativeTarget "DoIt" */ = {
			isa = XCConfigurationList;
			buildConfigurations = (
				4D8CDC871E9BFB0400A2475B /* Debug */,
				4D8CDC881E9BFB0400A2475B /* Release */,
			);
			defaultConfigurationIsVisible = 0;
			defaultConfigurationName = Release;
		};
/* End XCConfigurationList section */

/* Begin XCVersionGroup section */
		4D8CDC7B1E9BFB0400A2475B /* DoIt.xcdatamodeld */ = {
			isa = XCVersionGroup;
			children = (
				4D8CDC7C1E9BFB0400A2475B /* DoIt.xcdatamodel */,
			);
			currentVersion = 4D8CDC7C1E9BFB0400A2475B /* DoIt.xcdatamodel */;
			path = DoIt.xcdatamodeld;
			sourceTree = "<group>";
			versionGroupType = wrapper.xcdatamodel;
		};
/* End XCVersionGroup section */
	};
	rootObject = 4D8CDC691E9BFB0400A2475B /* Project object */;
}
